// !$*UTF8*$!
{
	archiveVersion = 1;
	classes = {
	};
	objectVersion = 56;
	objects = {

/* Begin PBXBuildFile section */
		450AA1A129A8B9B700996762 /* AppDelegate.swift in Sources */ = {isa = PBXBuildFile; fileRef = 450AA1A029A8B9B700996762 /* AppDelegate.swift */; };
		450AA1A529A8B9B700996762 /* ViewController.swift in Sources */ = {isa = PBXBuildFile; fileRef = 450AA1A429A8B9B700996762 /* ViewController.swift */; };
		450AA1A829A8B9B700996762 /* Main.storyboard in Resources */ = {isa = PBXBuildFile; fileRef = 450AA1A629A8B9B700996762 /* Main.storyboard */; };
		450AA1AA29A8B9B800996762 /* Assets.xcassets in Resources */ = {isa = PBXBuildFile; fileRef = 450AA1A929A8B9B800996762 /* Assets.xcassets */; };
		450AA1AD29A8B9B800996762 /* LaunchScreen.storyboard in Resources */ = {isa = PBXBuildFile; fileRef = 450AA1AB29A8B9B800996762 /* LaunchScreen.storyboard */; };
		4529559F29A8BBB4007059A8 /* formatter.swift in Sources */ = {isa = PBXBuildFile; fileRef = 4529559E29A8BBB4007059A8 /* formatter.swift */; };
		A51AE86AD5B2EF4C4B0408B1 /* Pods_50_ObjectMapperDemo.framework in Frameworks */ = {isa = PBXBuildFile; fileRef = 716DE35EA4633980023D500D /* Pods_50_ObjectMapperDemo.framework */; };
/* End PBXBuildFile section */

/* Begin PBXFileReference section */
		450AA19D29A8B9B700996762 /* 50.ObjectMapperDemo.app */ = {isa = PBXFileReference; explicitFileType = wrapper.application; includeInIndex = 0; path = 50.ObjectMapperDemo.app; sourceTree = BUILT_PRODUCTS_DIR; };
		450AA1A029A8B9B700996762 /* AppDelegate.swift */ = {isa = PBXFileReference; lastKnownFileType = sourcecode.swift; path = AppDelegate.swift; sourceTree = "<group>"; };
		450AA1A429A8B9B700996762 /* ViewController.swift */ = {isa = PBXFileReference; lastKnownFileType = sourcecode.swift; path = ViewController.swift; sourceTree = "<group>"; };
		450AA1A729A8B9B700996762 /* Base */ = {isa = PBXFileReference; lastKnownFileType = file.storyboard; name = Base; path = Base.lproj/Main.storyboard; sourceTree = "<group>"; };
		450AA1A929A8B9B800996762 /* Assets.xcassets */ = {isa = PBXFileReference; lastKnownFileType = folder.assetcatalog; path = Assets.xcassets; sourceTree = "<group>"; };
		450AA1AC29A8B9B800996762 /* Base */ = {isa = PBXFileReference; lastKnownFileType = file.storyboard; name = Base; path = Base.lproj/LaunchScreen.storyboard; sourceTree = "<group>"; };
		450AA1AE29A8B9B800996762 /* Info.plist */ = {isa = PBXFileReference; lastKnownFileType = text.plist.xml; path = Info.plist; sourceTree = "<group>"; };
		4529559E29A8BBB4007059A8 /* formatter.swift */ = {isa = PBXFileReference; lastKnownFileType = sourcecode.swift; path = formatter.swift; sourceTree = "<group>"; };
		716DE35EA4633980023D500D /* Pods_50_ObjectMapperDemo.framework */ = {isa = PBXFileReference; explicitFileType = wrapper.framework; includeInIndex = 0; path = Pods_50_ObjectMapperDemo.framework; sourceTree = BUILT_PRODUCTS_DIR; };
		BBAB63555A47115D7207C510 /* Pods-50.ObjectMapperDemo.debug.xcconfig */ = {isa = PBXFileReference; includeInIndex = 1; lastKnownFileType = text.xcconfig; name = "Pods-50.ObjectMapperDemo.debug.xcconfig"; path = "Target Support Files/Pods-50.ObjectMapperDemo/Pods-50.ObjectMapperDemo.debug.xcconfig"; sourceTree = "<group>"; };
		FA8F782294BE7F8DB4A22D3F /* Pods-50.ObjectMapperDemo.release.xcconfig */ = {isa = PBXFileReference; includeInIndex = 1; lastKnownFileType = text.xcconfig; name = "Pods-50.ObjectMapperDemo.release.xcconfig"; path = "Target Support Files/Pods-50.ObjectMapperDemo/Pods-50.ObjectMapperDemo.release.xcconfig"; sourceTree = "<group>"; };
/* End PBXFileReference section */

/* Begin PBXFrameworksBuildPhase section */
		450AA19A29A8B9B700996762 /* Frameworks */ = {
			isa = PBXFrameworksBuildPhase;
			buildActionMask = 2147483647;
			files = (
				A51AE86AD5B2EF4C4B0408B1 /* Pods_50_ObjectMapperDemo.framework in Frameworks */,
			);
			runOnlyForDeploymentPostprocessing = 0;
		};
/* End PBXFrameworksBuildPhase section */

/* Begin PBXGroup section */
		450AA19429A8B9B700996762 = {
			isa = PBXGroup;
			children = (
				450AA19F29A8B9B700996762 /* 50.ObjectMapperDemo */,
				450AA19E29A8B9B700996762 /* Products */,
				ACA1FC4364AA8DBCCA83EA94 /* Pods */,
				BC6209FE038D8D2963C5EA6A /* Frameworks */,
			);
			sourceTree = "<group>";
		};
		450AA19E29A8B9B700996762 /* Products */ = {
			isa = PBXGroup;
			children = (
				450AA19D29A8B9B700996762 /* 50.ObjectMapperDemo.app */,
			);
			name = Products;
			sourceTree = "<group>";
		};
		450AA19F29A8B9B700996762 /* 50.ObjectMapperDemo */ = {
			isa = PBXGroup;
			children = (
				450AA1A029A8B9B700996762 /* AppDelegate.swift */,
				450AA1A429A8B9B700996762 /* ViewController.swift */,
				450AA1A629A8B9B700996762 /* Main.storyboard */,
				450AA1A929A8B9B800996762 /* Assets.xcassets */,
				450AA1AB29A8B9B800996762 /* LaunchScreen.storyboard */,
				450AA1AE29A8B9B800996762 /* Info.plist */,
				4529559E29A8BBB4007059A8 /* formatter.swift */,
			);
			path = 50.ObjectMapperDemo;
			sourceTree = "<group>";
		};
		ACA1FC4364AA8DBCCA83EA94 /* Pods */ = {
			isa = PBXGroup;
			children = (
				BBAB63555A47115D7207C510 /* Pods-50.ObjectMapperDemo.debug.xcconfig */,
				FA8F782294BE7F8DB4A22D3F /* Pods-50.ObjectMapperDemo.release.xcconfig */,
			);
			path = Pods;
			sourceTree = "<group>";
		};
		BC6209FE038D8D2963C5EA6A /* Frameworks */ = {
			isa = PBXGroup;
			children = (
				716DE35EA4633980023D500D /* Pods_50_ObjectMapperDemo.framework */,
			);
			name = Frameworks;
			sourceTree = "<group>";
		};
/* End PBXGroup section */

/* Begin PBXNativeTarget section */
		450AA19C29A8B9B700996762 /* 50.ObjectMapperDemo */ = {
			isa = PBXNativeTarget;
			buildConfigurationList = 450AA1B129A8B9B800996762 /* Build configuration list for PBXNativeTarget "50.ObjectMapperDemo" */;
			buildPhases = (
				CA64D740C71CB603FF4954F5 /* [CP] Check Pods Manifest.lock */,
				450AA19929A8B9B700996762 /* Sources */,
				450AA19A29A8B9B700996762 /* Frameworks */,
				450AA19B29A8B9B700996762 /* Resources */,
				F955F729124B1BDE3F5F4631 /* [CP] Embed Pods Frameworks */,
			);
			buildRules = (
			);
			dependencies = (
			);
			name = 50.ObjectMapperDemo;
			productName = 50.ObjectMapperDemo;
			productReference = 450AA19D29A8B9B700996762 /* 50.ObjectMapperDemo.app */;
			productType = "com.apple.product-type.application";
		};
/* End PBXNativeTarget section */

/* Begin PBXProject section */
		450AA19529A8B9B700996762 /* Project object */ = {
			isa = PBXProject;
			attributes = {
				BuildIndependentTargetsInParallel = 1;
				LastSwiftUpdateCheck = 1400;
				LastUpgradeCheck = 1400;
				TargetAttributes = {
					450AA19C29A8B9B700996762 = {
						CreatedOnToolsVersion = 14.0.1;
					};
				};
			};
			buildConfigurationList = 450AA19829A8B9B700996762 /* Build configuration list for PBXProject "50.ObjectMapperDemo" */;
			compatibilityVersion = "Xcode 14.0";
			developmentRegion = en;
			hasScannedForEncodings = 0;
			knownRegions = (
				en,
				Base,
			);
			mainGroup = 450AA19429A8B9B700996762;
			productRefGroup = 450AA19E29A8B9B700996762 /* Products */;
			projectDirPath = "";
			projectRoot = "";
			targets = (
				450AA19C29A8B9B700996762 /* 50.ObjectMapperDemo */,
			);
		};
/* End PBXProject section */

/* Begin PBXResourcesBuildPhase section */
		450AA19B29A8B9B700996762 /* Resources */ = {
			isa = PBXResourcesBuildPhase;
			buildActionMask = 2147483647;
			files = (
				450AA1AD29A8B9B800996762 /* LaunchScreen.storyboard in Resources */,
				450AA1AA29A8B9B800996762 /* Assets.xcassets in Resources */,
				450AA1A829A8B9B700996762 /* Main.storyboard in Resources */,
			);
			runOnlyForDeploymentPostprocessing = 0;
		};
/* End PBXResourcesBuildPhase section */

/* Begin PBXShellScriptBuildPhase section */
		CA64D740C71CB603FF4954F5 /* [CP] Check Pods Manifest.lock */ = {
			isa = PBXShellScriptBuildPhase;
			buildActionMask = 2147483647;
			files = (
			);
			inputFileListPaths = (
			);
			inputPaths = (
				"${PODS_PODFILE_DIR_PATH}/Podfile.lock",
				"${PODS_ROOT}/Manifest.lock",
			);
			name = "[CP] Check Pods Manifest.lock";
			outputFileListPaths = (
			);
			outputPaths = (
				"$(DERIVED_FILE_DIR)/Pods-50.ObjectMapperDemo-checkManifestLockResult.txt",
			);
			runOnlyForDeploymentPostprocessing = 0;
			shellPath = /bin/sh;
			shellScript = "diff \"${PODS_PODFILE_DIR_PATH}/Podfile.lock\" \"${PODS_ROOT}/Manifest.lock\" > /dev/null\nif [ $? != 0 ] ; then\n    # print error to STDERR\n    echo \"error: The sandbox is not in sync with the Podfile.lock. Run 'pod install' or update your CocoaPods installation.\" >&2\n    exit 1\nfi\n# This output is used by Xcode 'outputs' to avoid re-running this script phase.\necho \"SUCCESS\" > \"${SCRIPT_OUTPUT_FILE_0}\"\n";
			showEnvVarsInLog = 0;
		};
		F955F729124B1BDE3F5F4631 /* [CP] Embed Pods Frameworks */ = {
			isa = PBXShellScriptBuildPhase;
			buildActionMask = 2147483647;
			files = (
			);
			inputFileListPaths = (
				"${PODS_ROOT}/Target Support Files/Pods-50.ObjectMapperDemo/Pods-50.ObjectMapperDemo-frameworks-${CONFIGURATION}-input-files.xcfilelist",
			);
			name = "[CP] Embed Pods Frameworks";
			outputFileListPaths = (
				"${PODS_ROOT}/Target Support Files/Pods-50.ObjectMapperDemo/Pods-50.ObjectMapperDemo-frameworks-${CONFIGURATION}-output-files.xcfilelist",
			);
			runOnlyForDeploymentPostprocessing = 0;
			shellPath = /bin/sh;
			shellScript = "\"${PODS_ROOT}/Target Support Files/Pods-50.ObjectMapperDemo/Pods-50.ObjectMapperDemo-frameworks.sh\"\n";
			showEnvVarsInLog = 0;
		};
/* End PBXShellScriptBuildPhase section */

/* Begin PBXSourcesBuildPhase section */
		450AA19929A8B9B700996762 /* Sources */ = {
			isa = PBXSourcesBuildPhase;
			buildActionMask = 2147483647;
			files = (
				4529559F29A8BBB4007059A8 /* formatter.swift in Sources */,
				450AA1A529A8B9B700996762 /* ViewController.swift in Sources */,
				450AA1A129A8B9B700996762 /* AppDelegate.swift in Sources */,
			);
			runOnlyForDeploymentPostprocessing = 0;
		};
/* End PBXSourcesBuildPhase section */

/* Begin PBXVariantGroup section */
		450AA1A629A8B9B700996762 /* Main.storyboard */ = {
			isa = PBXVariantGroup;
			children = (
				450AA1A729A8B9B700996762 /* Base */,
			);
			name = Main.storyboard;
			sourceTree = "<group>";
		};
		450AA1AB29A8B9B800996762 /* LaunchScreen.storyboard */ = {
			isa = PBXVariantGroup;
			children = (
				450AA1AC29A8B9B800996762 /* Base */,
			);
			name = LaunchScreen.storyboard;
			sourceTree = "<group>";
		};
/* End PBXVariantGroup section */

/* Begin XCBuildConfiguration section */
		450AA1AF29A8B9B800996762 /* Debug */ = {
			isa = XCBuildConfiguration;
			buildSettings = {
				ALWAYS_SEARCH_USER_PATHS = NO;
				CLANG_ANALYZER_NONNULL = YES;
				CLANG_ANALYZER_NUMBER_OBJECT_CONVERSION = YES_AGGRESSIVE;
				CLANG_CXX_LANGUAGE_STANDARD = "gnu++20";
				CLANG_ENABLE_MODULES = YES;
				CLANG_ENABLE_OBJC_ARC = YES;
				CLANG_ENABLE_OBJC_WEAK = YES;
				CLANG_WARN_BLOCK_CAPTURE_AUTORELEASING = YES;
				CLANG_WARN_BOOL_CONVERSION = YES;
				CLANG_WARN_COMMA = YES;
				CLANG_WARN_CONSTANT_CONVERSION = YES;
				CLANG_WARN_DEPRECATED_OBJC_IMPLEMENTATIONS = YES;
				CLANG_WARN_DIRECT_OBJC_ISA_USAGE = YES_ERROR;
				CLANG_WARN_DOCUMENTATION_COMMENTS = YES;
				CLANG_WARN_EMPTY_BODY = YES;
				CLANG_WARN_ENUM_CONVERSION = YES;
				CLANG_WARN_INFINITE_RECURSION = YES;
				CLANG_WARN_INT_CONVERSION = YES;
				CLANG_WARN_NON_LITERAL_NULL_CONVERSION = YES;
				CLANG_WARN_OBJC_IMPLICIT_RETAIN_SELF = YES;
				CLANG_WARN_OBJC_LITERAL_CONVERSION = YES;
				CLANG_WARN_OBJC_ROOT_CLASS = YES_ERROR;
				CLANG_WARN_QUOTED_INCLUDE_IN_FRAMEWORK_HEADER = YES;
				CLANG_WARN_RANGE_LOOP_ANALYSIS = YES;
				CLANG_WARN_STRICT_PROTOTYPES = YES;
				CLANG_WARN_SUSPICIOUS_MOVE = YES;
				CLANG_WARN_UNGUARDED_AVAILABILITY = YES_AGGRESSIVE;
				CLANG_WARN_UNREACHABLE_CODE = YES;
				CLANG_WARN__DUPLICATE_METHOD_MATCH = YES;
				COPY_PHASE_STRIP = NO;
				DEBUG_INFORMATION_FORMAT = dwarf;
				ENABLE_STRICT_OBJC_MSGSEND = YES;
				ENABLE_TESTABILITY = YES;
				GCC_C_LANGUAGE_STANDARD = gnu11;
				GCC_DYNAMIC_NO_PIC = NO;
				GCC_NO_COMMON_BLOCKS = YES;
				GCC_OPTIMIZATION_LEVEL = 0;
				GCC_PREPROCESSOR_DEFINITIONS = (
					"DEBUG=1",
					"$(inherited)",
				);
				GCC_WARN_64_TO_32_BIT_CONVERSION = YES;
				GCC_WARN_ABOUT_RETURN_TYPE = YES_ERROR;
				GCC_WARN_UNDECLARED_SELECTOR = YES;
				GCC_WARN_UNINITIALIZED_AUTOS = YES_AGGRESSIVE;
				GCC_WARN_UNUSED_FUNCTION = YES;
				GCC_WARN_UNUSED_VARIABLE = YES;
				IPHONEOS_DEPLOYMENT_TARGET = 16.0;
				MTL_ENABLE_DEBUG_INFO = INCLUDE_SOURCE;
				MTL_FAST_MATH = YES;
				ONLY_ACTIVE_ARCH = YES;
				SDKROOT = iphoneos;
				SWIFT_ACTIVE_COMPILATION_CONDITIONS = DEBUG;
				SWIFT_OPTIMIZATION_LEVEL = "-Onone";
			};
			name = Debug;
		};
		450AA1B029A8B9B800996762 /* Release */ = {
			isa = XCBuildConfiguration;
			buildSettings = {
				ALWAYS_SEARCH_USER_PATHS = NO;
				CLANG_ANALYZER_NONNULL = YES;
				CLANG_ANALYZER_NUMBER_OBJECT_CONVERSION = YES_AGGRESSIVE;
				CLANG_CXX_LANGUAGE_STANDARD = "gnu++20";
				CLANG_ENABLE_MODULES = YES;
				CLANG_ENABLE_OBJC_ARC = YES;
				CLANG_ENABLE_OBJC_WEAK = YES;
				CLANG_WARN_BLOCK_CAPTURE_AUTORELEASING = YES;
				CLANG_WARN_BOOL_CONVERSION = YES;
				CLANG_WARN_COMMA = YES;
				CLANG_WARN_CONSTANT_CONVERSION = YES;
				CLANG_WARN_DEPRECATED_OBJC_IMPLEMENTATIONS = YES;
				CLANG_WARN_DIRECT_OBJC_ISA_USAGE = YES_ERROR;
				CLANG_WARN_DOCUMENTATION_COMMENTS = YES;
				CLANG_WARN_EMPTY_BODY = YES;
				CLANG_WARN_ENUM_CONVERSION = YES;
				CLANG_WARN_INFINITE_RECURSION = YES;
				CLANG_WARN_INT_CONVERSION = YES;
				CLANG_WARN_NON_LITERAL_NULL_CONVERSION = YES;
				CLANG_WARN_OBJC_IMPLICIT_RETAIN_SELF = YES;
				CLANG_WARN_OBJC_LITERAL_CONVERSION = YES;
				CLANG_WARN_OBJC_ROOT_CLASS = YES_ERROR;
				CLANG_WARN_QUOTED_INCLUDE_IN_FRAMEWORK_HEADER = YES;
				CLANG_WARN_RANGE_LOOP_ANALYSIS = YES;
				CLANG_WARN_STRICT_PROTOTYPES = YES;
				CLANG_WARN_SUSPICIOUS_MOVE = YES;
				CLANG_WARN_UNGUARDED_AVAILABILITY = YES_AGGRESSIVE;
				CLANG_WARN_UNREACHABLE_CODE = YES;
				CLANG_WARN__DUPLICATE_METHOD_MATCH = YES;
				COPY_PHASE_STRIP = NO;
				DEBUG_INFORMATION_FORMAT = "dwarf-with-dsym";
				ENABLE_NS_ASSERTIONS = NO;
				ENABLE_STRICT_OBJC_MSGSEND = YES;
				GCC_C_LANGUAGE_STANDARD = gnu11;
				GCC_NO_COMMON_BLOCKS = YES;
				GCC_WARN_64_TO_32_BIT_CONVERSION = YES;
				GCC_WARN_ABOUT_RETURN_TYPE = YES_ERROR;
				GCC_WARN_UNDECLARED_SELECTOR = YES;
				GCC_WARN_UNINITIALIZED_AUTOS = YES_AGGRESSIVE;
				GCC_WARN_UNUSED_FUNCTION = YES;
				GCC_WARN_UNUSED_VARIABLE = YES;
				IPHONEOS_DEPLOYMENT_TARGET = 16.0;
				MTL_ENABLE_DEBUG_INFO = NO;
				MTL_FAST_MATH = YES;
				SDKROOT = iphoneos;
				SWIFT_COMPILATION_MODE = wholemodule;
				SWIFT_OPTIMIZATION_LEVEL = "-O";
				VALIDATE_PRODUCT = YES;
			};
			name = Release;
		};
		450AA1B229A8B9B800996762 /* Debug */ = {
			isa = XCBuildConfiguration;
			baseConfigurationReference = BBAB63555A47115D7207C510 /* Pods-50.ObjectMapperDemo.debug.xcconfig */;
			buildSettings = {
				ASSETCATALOG_COMPILER_APPICON_NAME = AppIcon;
				ASSETCATALOG_COMPILER_GLOBAL_ACCENT_COLOR_NAME = AccentColor;
				CODE_SIGN_STYLE = Automatic;
				CURRENT_PROJECT_VERSION = 1;
				DEVELOPMENT_TEAM = L63DQ52CN9;
				GENERATE_INFOPLIST_FILE = YES;
				INFOPLIST_FILE = 50.ObjectMapperDemo/Info.plist;
				INFOPLIST_KEY_UIApplicationSupportsIndirectInputEvents = YES;
				INFOPLIST_KEY_UILaunchStoryboardName = LaunchScreen;
				INFOPLIST_KEY_UIMainStoryboardFile = Main;
				INFOPLIST_KEY_UISupportedInterfaceOrientations_iPad = "UIInterfaceOrientationPortrait UIInterfaceOrientationPortraitUpsideDown UIInterfaceOrientationLandscapeLeft UIInterfaceOrientationLandscapeRight";
				INFOPLIST_KEY_UISupportedInterfaceOrientations_iPhone = "UIInterfaceOrientationPortrait UIInterfaceOrientationLandscapeLeft UIInterfaceOrientationLandscapeRight";
				LD_RUNPATH_SEARCH_PATHS = (
					"$(inherited)",
					"@executable_path/Frameworks",
				);
				MARKETING_VERSION = 1.0;
				PRODUCT_BUNDLE_IDENTIFIER = "jackfrow.-0-ObjectMapperDemo";
				PRODUCT_NAME = "$(TARGET_NAME)";
				SUPPORTED_PLATFORMS = "iphoneos iphonesimulator";
				SUPPORTS_MACCATALYST = NO;
				SUPPORTS_MAC_DESIGNED_FOR_IPHONE_IPAD = YES;
				SWIFT_EMIT_LOC_STRINGS = YES;
				SWIFT_VERSION = 5.0;
				TARGETED_DEVICE_FAMILY = 1;
			};
			name = Debug;
		};
		450AA1B329A8B9B800996762 /* Release */ = {
			isa = XCBuildConfiguration;
			baseConfigurationReference = FA8F782294BE7F8DB4A22D3F /* Pods-50.ObjectMapperDemo.release.xcconfig */;
			buildSettings = {
				ASSETCATALOG_COMPILER_APPICON_NAME = AppIcon;
				ASSETCATALOG_COMPILER_GLOBAL_ACCENT_COLOR_NAME = AccentColor;
				CODE_SIGN_STYLE = Automatic;
				CURRENT_PROJECT_VERSION = 1;
				DEVELOPMENT_TEAM = L63DQ52CN9;
				GENERATE_INFOPLIST_FILE = YES;
				INFOPLIST_FILE = 50.ObjectMapperDemo/Info.plist;
				INFOPLIST_KEY_UIApplicationSupportsIndirectInputEvents = YES;
				INFOPLIST_KEY_UILaunchStoryboardName = LaunchScreen;
				INFOPLIST_KEY_UIMainStoryboardFile = Main;
				INFOPLIST_KEY_UISupportedInterfaceOrientations_iPad = "UIInterfaceOrientationPortrait UIInterfaceOrientationPortraitUpsideDown UIInterfaceOrientationLandscapeLeft UIInterfaceOrientationLandscapeRight";
				INFOPLIST_KEY_UISupportedInterfaceOrientations_iPhone = "UIInterfaceOrientationPortrait UIInterfaceOrientationLandscapeLeft UIInterfaceOrientationLandscapeRight";
				LD_RUNPATH_SEARCH_PATHS = (
					"$(inherited)",
					"@executable_path/Frameworks",
				);
				MARKETING_VERSION = 1.0;
				PRODUCT_BUNDLE_IDENTIFIER = "jackfrow.-0-ObjectMapperDemo";
				PRODUCT_NAME = "$(TARGET_NAME)";
				SUPPORTED_PLATFORMS = "iphoneos iphonesimulator";
				SUPPORTS_MACCATALYST = NO;
				SUPPORTS_MAC_DESIGNED_FOR_IPHONE_IPAD = YES;
				SWIFT_EMIT_LOC_STRINGS = YES;
				SWIFT_VERSION = 5.0;
				TARGETED_DEVICE_FAMILY = 1;
			};
			name = Release;
		};
/* End XCBuildConfiguration section */

/* Begin XCConfigurationList section */
		450AA19829A8B9B700996762 /* Build configuration list for PBXProject "50.ObjectMapperDemo" */ = {
			isa = XCConfigurationList;
			buildConfigurations = (
				450AA1AF29A8B9B800996762 /* Debug */,
				450AA1B029A8B9B800996762 /* Release */,
			);
			defaultConfigurationIsVisible = 0;
			defaultConfigurationName = Release;
		};
		450AA1B129A8B9B800996762 /* Build configuration list for PBXNativeTarget "50.ObjectMapperDemo" */ = {
			isa = XCConfigurationList;
			buildConfigurations = (
				450AA1B229A8B9B800996762 /* Debug */,
				450AA1B329A8B9B800996762 /* Release */,
			);
			defaultConfigurationIsVisible = 0;
			defaultConfigurationName = Release;
		};
/* End XCConfigurationList section */
	};
	rootObject = 450AA19529A8B9B700996762 /* Project object */;
}
