// !$*UTF8*$!
{
	archiveVersion = 1;
	classes = {
	};
	objectVersion = 50;
	objects = {

/* Begin PBXBuildFile section */
		1B5CD7C1230A49A200BDF5F0 /* AppDelegate.m in Sources */ = {isa = PBXBuildFile; fileRef = 1B5CD7C0230A49A200BDF5F0 /* AppDelegate.m */; };
		1B5CD7C4230A49A200BDF5F0 /* ViewController.m in Sources */ = {isa = PBXBuildFile; fileRef = 1B5CD7C3230A49A200BDF5F0 /* ViewController.m */; };
		1B5CD7C7230A49A200BDF5F0 /* Main.storyboard in Resources */ = {isa = PBXBuildFile; fileRef = 1B5CD7C5230A49A200BDF5F0 /* Main.storyboard */; };
		1B5CD7C9230A49A400BDF5F0 /* Assets.xcassets in Resources */ = {isa = PBXBuildFile; fileRef = 1B5CD7C8230A49A400BDF5F0 /* Assets.xcassets */; };
		1B5CD7CC230A49A400BDF5F0 /* LaunchScreen.storyboard in Resources */ = {isa = PBXBuildFile; fileRef = 1B5CD7CA230A49A400BDF5F0 /* LaunchScreen.storyboard */; };
		1B5CD7CF230A49A400BDF5F0 /* main.m in Sources */ = {isa = PBXBuildFile; fileRef = 1B5CD7CE230A49A400BDF5F0 /* main.m */; };
		1B5CD7D7230A4A8900BDF5F0 /* AutoHeightCell.m in Sources */ = {isa = PBXBuildFile; fileRef = 1B5CD7D6230A4A8900BDF5F0 /* AutoHeightCell.m */; };
		1B5CD7D9230A4AA100BDF5F0 /* AutoHeightCell.xib in Resources */ = {isa = PBXBuildFile; fileRef = 1B5CD7D8230A4AA100BDF5F0 /* AutoHeightCell.xib */; };
		1B5CD7DD230A767500BDF5F0 /* AutoHeightCell2.m in Sources */ = {isa = PBXBuildFile; fileRef = 1B5CD7DB230A767500BDF5F0 /* AutoHeightCell2.m */; };
		1B5CD7DE230A767500BDF5F0 /* AutoHeightCell2.xib in Resources */ = {isa = PBXBuildFile; fileRef = 1B5CD7DC230A767500BDF5F0 /* AutoHeightCell2.xib */; };
/* End PBXBuildFile section */

/* Begin PBXFileReference section */
		1B5CD7BC230A49A200BDF5F0 /* 16.TableViewAutoHeight.app */ = {isa = PBXFileReference; explicitFileType = wrapper.application; includeInIndex = 0; path = 16.TableViewAutoHeight.app; sourceTree = BUILT_PRODUCTS_DIR; };
		1B5CD7BF230A49A200BDF5F0 /* AppDelegate.h */ = {isa = PBXFileReference; lastKnownFileType = sourcecode.c.h; path = AppDelegate.h; sourceTree = "<group>"; };
		1B5CD7C0230A49A200BDF5F0 /* AppDelegate.m */ = {isa = PBXFileReference; lastKnownFileType = sourcecode.c.objc; path = AppDelegate.m; sourceTree = "<group>"; };
		1B5CD7C2230A49A200BDF5F0 /* ViewController.h */ = {isa = PBXFileReference; lastKnownFileType = sourcecode.c.h; path = ViewController.h; sourceTree = "<group>"; };
		1B5CD7C3230A49A200BDF5F0 /* ViewController.m */ = {isa = PBXFileReference; lastKnownFileType = sourcecode.c.objc; path = ViewController.m; sourceTree = "<group>"; };
		1B5CD7C6230A49A200BDF5F0 /* Base */ = {isa = PBXFileReference; lastKnownFileType = file.storyboard; name = Base; path = Base.lproj/Main.storyboard; sourceTree = "<group>"; };
		1B5CD7C8230A49A400BDF5F0 /* Assets.xcassets */ = {isa = PBXFileReference; lastKnownFileType = folder.assetcatalog; path = Assets.xcassets; sourceTree = "<group>"; };
		1B5CD7CB230A49A400BDF5F0 /* Base */ = {isa = PBXFileReference; lastKnownFileType = file.storyboard; name = Base; path = Base.lproj/LaunchScreen.storyboard; sourceTree = "<group>"; };
		1B5CD7CD230A49A400BDF5F0 /* Info.plist */ = {isa = PBXFileReference; lastKnownFileType = text.plist.xml; path = Info.plist; sourceTree = "<group>"; };
		1B5CD7CE230A49A400BDF5F0 /* main.m */ = {isa = PBXFileReference; lastKnownFileType = sourcecode.c.objc; path = main.m; sourceTree = "<group>"; };
		1B5CD7D5230A4A8900BDF5F0 /* AutoHeightCell.h */ = {isa = PBXFileReference; lastKnownFileType = sourcecode.c.h; path = AutoHeightCell.h; sourceTree = "<group>"; };
		1B5CD7D6230A4A8900BDF5F0 /* AutoHeightCell.m */ = {isa = PBXFileReference; lastKnownFileType = sourcecode.c.objc; path = AutoHeightCell.m; sourceTree = "<group>"; };
		1B5CD7D8230A4AA100BDF5F0 /* AutoHeightCell.xib */ = {isa = PBXFileReference; lastKnownFileType = file.xib; path = AutoHeightCell.xib; sourceTree = "<group>"; };
		1B5CD7DA230A767500BDF5F0 /* AutoHeightCell2.h */ = {isa = PBXFileReference; lastKnownFileType = sourcecode.c.h; path = AutoHeightCell2.h; sourceTree = "<group>"; };
		1B5CD7DB230A767500BDF5F0 /* AutoHeightCell2.m */ = {isa = PBXFileReference; lastKnownFileType = sourcecode.c.objc; path = AutoHeightCell2.m; sourceTree = "<group>"; };
		1B5CD7DC230A767500BDF5F0 /* AutoHeightCell2.xib */ = {isa = PBXFileReference; lastKnownFileType = file.xib; path = AutoHeightCell2.xib; sourceTree = "<group>"; };
/* End PBXFileReference section */

/* Begin PBXFrameworksBuildPhase section */
		1B5CD7B9230A49A200BDF5F0 /* Frameworks */ = {
			isa = PBXFrameworksBuildPhase;
			buildActionMask = 2147483647;
			files = (
			);
			runOnlyForDeploymentPostprocessing = 0;
		};
/* End PBXFrameworksBuildPhase section */

/* Begin PBXGroup section */
		1B5CD7B3230A49A200BDF5F0 = {
			isa = PBXGroup;
			children = (
				1B5CD7BE230A49A200BDF5F0 /* 16.TableViewAutoHeight */,
				1B5CD7BD230A49A200BDF5F0 /* Products */,
			);
			sourceTree = "<group>";
		};
		1B5CD7BD230A49A200BDF5F0 /* Products */ = {
			isa = PBXGroup;
			children = (
				1B5CD7BC230A49A200BDF5F0 /* 16.TableViewAutoHeight.app */,
			);
			name = Products;
			sourceTree = "<group>";
		};
		1B5CD7BE230A49A200BDF5F0 /* 16.TableViewAutoHeight */ = {
			isa = PBXGroup;
			children = (
				1B5CD7BF230A49A200BDF5F0 /* AppDelegate.h */,
				1B5CD7C0230A49A200BDF5F0 /* AppDelegate.m */,
				1B5CD7C2230A49A200BDF5F0 /* ViewController.h */,
				1B5CD7C3230A49A200BDF5F0 /* ViewController.m */,
				1B5CD7C5230A49A200BDF5F0 /* Main.storyboard */,
				1B5CD7C8230A49A400BDF5F0 /* Assets.xcassets */,
				1B5CD7CA230A49A400BDF5F0 /* LaunchScreen.storyboard */,
				1B5CD7CD230A49A400BDF5F0 /* Info.plist */,
				1B5CD7CE230A49A400BDF5F0 /* main.m */,
				1B5CD7D5230A4A8900BDF5F0 /* AutoHeightCell.h */,
				1B5CD7D6230A4A8900BDF5F0 /* AutoHeightCell.m */,
				1B5CD7D8230A4AA100BDF5F0 /* AutoHeightCell.xib */,
				1B5CD7DA230A767500BDF5F0 /* AutoHeightCell2.h */,
				1B5CD7DB230A767500BDF5F0 /* AutoHeightCell2.m */,
				1B5CD7DC230A767500BDF5F0 /* AutoHeightCell2.xib */,
			);
			path = 16.TableViewAutoHeight;
			sourceTree = "<group>";
		};
/* End PBXGroup section */

/* Begin PBXNativeTarget section */
		1B5CD7BB230A49A200BDF5F0 /* 16.TableViewAutoHeight */ = {
			isa = PBXNativeTarget;
			buildConfigurationList = 1B5CD7D2230A49A400BDF5F0 /* Build configuration list for PBXNativeTarget "16.TableViewAutoHeight" */;
			buildPhases = (
				1B5CD7B8230A49A200BDF5F0 /* Sources */,
				1B5CD7B9230A49A200BDF5F0 /* Frameworks */,
				1B5CD7BA230A49A200BDF5F0 /* Resources */,
			);
			buildRules = (
			);
			dependencies = (
			);
			name = 16.TableViewAutoHeight;
			productName = 16.TableViewAutoHeight;
			productReference = 1B5CD7BC230A49A200BDF5F0 /* 16.TableViewAutoHeight.app */;
			productType = "com.apple.product-type.application";
		};
/* End PBXNativeTarget section */

/* Begin PBXProject section */
		1B5CD7B4230A49A200BDF5F0 /* Project object */ = {
			isa = PBXProject;
			attributes = {
				LastUpgradeCheck = 1030;
				ORGANIZATIONNAME = xufanghao;
				TargetAttributes = {
					1B5CD7BB230A49A200BDF5F0 = {
						CreatedOnToolsVersion = 10.3;
					};
				};
			};
			buildConfigurationList = 1B5CD7B7230A49A200BDF5F0 /* Build configuration list for PBXProject "16.TableViewAutoHeight" */;
			compatibilityVersion = "Xcode 9.3";
			developmentRegion = en;
			hasScannedForEncodings = 0;
			knownRegions = (
				en,
				Base,
			);
			mainGroup = 1B5CD7B3230A49A200BDF5F0;
			productRefGroup = 1B5CD7BD230A49A200BDF5F0 /* Products */;
			projectDirPath = "";
			projectRoot = "";
			targets = (
				1B5CD7BB230A49A200BDF5F0 /* 16.TableViewAutoHeight */,
			);
		};
/* End PBXProject section */

/* Begin PBXResourcesBuildPhase section */
		1B5CD7BA230A49A200BDF5F0 /* Resources */ = {
			isa = PBXResourcesBuildPhase;
			buildActionMask = 2147483647;
			files = (
				1B5CD7CC230A49A400BDF5F0 /* LaunchScreen.storyboard in Resources */,
				1B5CD7D9230A4AA100BDF5F0 /* AutoHeightCell.xib in Resources */,
				1B5CD7DE230A767500BDF5F0 /* AutoHeightCell2.xib in Resources */,
				1B5CD7C9230A49A400BDF5F0 /* Assets.xcassets in Resources */,
				1B5CD7C7230A49A200BDF5F0 /* Main.storyboard in Resources */,
			);
			runOnlyForDeploymentPostprocessing = 0;
		};
/* End PBXResourcesBuildPhase section */

/* Begin PBXSourcesBuildPhase section */
		1B5CD7B8230A49A200BDF5F0 /* Sources */ = {
			isa = PBXSourcesBuildPhase;
			buildActionMask = 2147483647;
			files = (
				1B5CD7C4230A49A200BDF5F0 /* ViewController.m in Sources */,
				1B5CD7DD230A767500BDF5F0 /* AutoHeightCell2.m in Sources */,
				1B5CD7D7230A4A8900BDF5F0 /* AutoHeightCell.m in Sources */,
				1B5CD7CF230A49A400BDF5F0 /* main.m in Sources */,
				1B5CD7C1230A49A200BDF5F0 /* AppDelegate.m in Sources */,
			);
			runOnlyForDeploymentPostprocessing = 0;
		};
/* End PBXSourcesBuildPhase section */

/* Begin PBXVariantGroup section */
		1B5CD7C5230A49A200BDF5F0 /* Main.storyboard */ = {
			isa = PBXVariantGroup;
			children = (
				1B5CD7C6230A49A200BDF5F0 /* Base */,
			);
			name = Main.storyboard;
			sourceTree = "<group>";
		};
		1B5CD7CA230A49A400BDF5F0 /* LaunchScreen.storyboard */ = {
			isa = PBXVariantGroup;
			children = (
				1B5CD7CB230A49A400BDF5F0 /* Base */,
			);
			name = LaunchScreen.storyboard;
			sourceTree = "<group>";
		};
/* End PBXVariantGroup section */

/* Begin XCBuildConfiguration section */
		1B5CD7D0230A49A400BDF5F0 /* Debug */ = {
			isa = XCBuildConfiguration;
			buildSettings = {
				ALWAYS_SEARCH_USER_PATHS = NO;
				CLANG_ANALYZER_NONNULL = YES;
				CLANG_ANALYZER_NUMBER_OBJECT_CONVERSION = YES_AGGRESSIVE;
				CLANG_CXX_LANGUAGE_STANDARD = "gnu++14";
				CLANG_CXX_LIBRARY = "libc++";
				CLANG_ENABLE_MODULES = YES;
				CLANG_ENABLE_OBJC_ARC = YES;
				CLANG_ENABLE_OBJC_WEAK = YES;
				CLANG_WARN_BLOCK_CAPTURE_AUTORELEASING = YES;
				CLANG_WARN_BOOL_CONVERSION = YES;
				CLANG_WARN_COMMA = YES;
				CLANG_WARN_CONSTANT_CONVERSION = YES;
				CLANG_WARN_DEPRECATED_OBJC_IMPLEMENTATIONS = YES;
				CLANG_WARN_DIRECT_OBJC_ISA_USAGE = YES_ERROR;
				CLANG_WARN_DOCUMENTATION_COMMENTS = YES;
				CLANG_WARN_EMPTY_BODY = YES;
				CLANG_WARN_ENUM_CONVERSION = YES;
				CLANG_WARN_INFINITE_RECURSION = YES;
				CLANG_WARN_INT_CONVERSION = YES;
				CLANG_WARN_NON_LITERAL_NULL_CONVERSION = YES;
				CLANG_WARN_OBJC_IMPLICIT_RETAIN_SELF = YES;
				CLANG_WARN_OBJC_LITERAL_CONVERSION = YES;
				CLANG_WARN_OBJC_ROOT_CLASS = YES_ERROR;
				CLANG_WARN_RANGE_LOOP_ANALYSIS = YES;
				CLANG_WARN_STRICT_PROTOTYPES = YES;
				CLANG_WARN_SUSPICIOUS_MOVE = YES;
				CLANG_WARN_UNGUARDED_AVAILABILITY = YES_AGGRESSIVE;
				CLANG_WARN_UNREACHABLE_CODE = YES;
				CLANG_WARN__DUPLICATE_METHOD_MATCH = YES;
				CODE_SIGN_IDENTITY = "iPhone Developer";
				COPY_PHASE_STRIP = NO;
				DEBUG_INFORMATION_FORMAT = dwarf;
				ENABLE_STRICT_OBJC_MSGSEND = YES;
				ENABLE_TESTABILITY = YES;
				GCC_C_LANGUAGE_STANDARD = gnu11;
				GCC_DYNAMIC_NO_PIC = NO;
				GCC_NO_COMMON_BLOCKS = YES;
				GCC_OPTIMIZATION_LEVEL = 0;
				GCC_PREPROCESSOR_DEFINITIONS = (
					"DEBUG=1",
					"$(inherited)",
				);
				GCC_WARN_64_TO_32_BIT_CONVERSION = YES;
				GCC_WARN_ABOUT_RETURN_TYPE = YES_ERROR;
				GCC_WARN_UNDECLARED_SELECTOR = YES;
				GCC_WARN_UNINITIALIZED_AUTOS = YES_AGGRESSIVE;
				GCC_WARN_UNUSED_FUNCTION = YES;
				GCC_WARN_UNUSED_VARIABLE = YES;
				IPHONEOS_DEPLOYMENT_TARGET = 12.4;
				MTL_ENABLE_DEBUG_INFO = INCLUDE_SOURCE;
				MTL_FAST_MATH = YES;
				ONLY_ACTIVE_ARCH = YES;
				SDKROOT = iphoneos;
			};
			name = Debug;
		};
		1B5CD7D1230A49A400BDF5F0 /* Release */ = {
			isa = XCBuildConfiguration;
			buildSettings = {
				ALWAYS_SEARCH_USER_PATHS = NO;
				CLANG_ANALYZER_NONNULL = YES;
				CLANG_ANALYZER_NUMBER_OBJECT_CONVERSION = YES_AGGRESSIVE;
				CLANG_CXX_LANGUAGE_STANDARD = "gnu++14";
				CLANG_CXX_LIBRARY = "libc++";
				CLANG_ENABLE_MODULES = YES;
				CLANG_ENABLE_OBJC_ARC = YES;
				CLANG_ENABLE_OBJC_WEAK = YES;
				CLANG_WARN_BLOCK_CAPTURE_AUTORELEASING = YES;
				CLANG_WARN_BOOL_CONVERSION = YES;
				CLANG_WARN_COMMA = YES;
				CLANG_WARN_CONSTANT_CONVERSION = YES;
				CLANG_WARN_DEPRECATED_OBJC_IMPLEMENTATIONS = YES;
				CLANG_WARN_DIRECT_OBJC_ISA_USAGE = YES_ERROR;
				CLANG_WARN_DOCUMENTATION_COMMENTS = YES;
				CLANG_WARN_EMPTY_BODY = YES;
				CLANG_WARN_ENUM_CONVERSION = YES;
				CLANG_WARN_INFINITE_RECURSION = YES;
				CLANG_WARN_INT_CONVERSION = YES;
				CLANG_WARN_NON_LITERAL_NULL_CONVERSION = YES;
				CLANG_WARN_OBJC_IMPLICIT_RETAIN_SELF = YES;
				CLANG_WARN_OBJC_LITERAL_CONVERSION = YES;
				CLANG_WARN_OBJC_ROOT_CLASS = YES_ERROR;
				CLANG_WARN_RANGE_LOOP_ANALYSIS = YES;
				CLANG_WARN_STRICT_PROTOTYPES = YES;
				CLANG_WARN_SUSPICIOUS_MOVE = YES;
				CLANG_WARN_UNGUARDED_AVAILABILITY = YES_AGGRESSIVE;
				CLANG_WARN_UNREACHABLE_CODE = YES;
				CLANG_WARN__DUPLICATE_METHOD_MATCH = YES;
				CODE_SIGN_IDENTITY = "iPhone Developer";
				COPY_PHASE_STRIP = NO;
				DEBUG_INFORMATION_FORMAT = "dwarf-with-dsym";
				ENABLE_NS_ASSERTIONS = NO;
				ENABLE_STRICT_OBJC_MSGSEND = YES;
				GCC_C_LANGUAGE_STANDARD = gnu11;
				GCC_NO_COMMON_BLOCKS = YES;
				GCC_WARN_64_TO_32_BIT_CONVERSION = YES;
				GCC_WARN_ABOUT_RETURN_TYPE = YES_ERROR;
				GCC_WARN_UNDECLARED_SELECTOR = YES;
				GCC_WARN_UNINITIALIZED_AUTOS = YES_AGGRESSIVE;
				GCC_WARN_UNUSED_FUNCTION = YES;
				GCC_WARN_UNUSED_VARIABLE = YES;
				IPHONEOS_DEPLOYMENT_TARGET = 12.4;
				MTL_ENABLE_DEBUG_INFO = NO;
				MTL_FAST_MATH = YES;
				SDKROOT = iphoneos;
				VALIDATE_PRODUCT = YES;
			};
			name = Release;
		};
		1B5CD7D3230A49A400BDF5F0 /* Debug */ = {
			isa = XCBuildConfiguration;
			buildSettings = {
				ASSETCATALOG_COMPILER_APPICON_NAME = AppIcon;
				CODE_SIGN_STYLE = Automatic;
				DEVELOPMENT_TEAM = R36CZ9CGE9;
				INFOPLIST_FILE = 16.TableViewAutoHeight/Info.plist;
				LD_RUNPATH_SEARCH_PATHS = (
					"$(inherited)",
					"@executable_path/Frameworks",
				);
				PRODUCT_BUNDLE_IDENTIFIER = "com.fh.-6-TableViewAutoHeight";
				PRODUCT_NAME = "$(TARGET_NAME)";
				TARGETED_DEVICE_FAMILY = "1,2";
			};
			name = Debug;
		};
		1B5CD7D4230A49A400BDF5F0 /* Release */ = {
			isa = XCBuildConfiguration;
			buildSettings = {
				ASSETCATALOG_COMPILER_APPICON_NAME = AppIcon;
				CODE_SIGN_STYLE = Automatic;
				DEVELOPMENT_TEAM = R36CZ9CGE9;
				INFOPLIST_FILE = 16.TableViewAutoHeight/Info.plist;
				LD_RUNPATH_SEARCH_PATHS = (
					"$(inherited)",
					"@executable_path/Frameworks",
				);
				PRODUCT_BUNDLE_IDENTIFIER = "com.fh.-6-TableViewAutoHeight";
				PRODUCT_NAME = "$(TARGET_NAME)";
				TARGETED_DEVICE_FAMILY = "1,2";
			};
			name = Release;
		};
/* End XCBuildConfiguration section */

/* Begin XCConfigurationList section */
		1B5CD7B7230A49A200BDF5F0 /* Build configuration list for PBXProject "16.TableViewAutoHeight" */ = {
			isa = XCConfigurationList;
			buildConfigurations = (
				1B5CD7D0230A49A400BDF5F0 /* Debug */,
				1B5CD7D1230A49A400BDF5F0 /* Release */,
			);
			defaultConfigurationIsVisible = 0;
			defaultConfigurationName = Release;
		};
		1B5CD7D2230A49A400BDF5F0 /* Build configuration list for PBXNativeTarget "16.TableViewAutoHeight" */ = {
			isa = XCConfigurationList;
			buildConfigurations = (
				1B5CD7D3230A49A400BDF5F0 /* Debug */,
				1B5CD7D4230A49A400BDF5F0 /* Release */,
			);
			defaultConfigurationIsVisible = 0;
			defaultConfigurationName = Release;
		};
/* End XCConfigurationList section */
	};
	rootObject = 1B5CD7B4230A49A200BDF5F0 /* Project object */;
}
