// !$*UTF8*$!
{
	archiveVersion = 1;
	classes = {
	};
	objectVersion = 50;
	objects = {

/* Begin PBXBuildFile section */
		45CB357D22758862001C5462 /* AppDelegate.m in Sources */ = {isa = PBXBuildFile; fileRef = 45CB357C22758862001C5462 /* AppDelegate.m */; };
		45CB358022758862001C5462 /* ViewController.m in Sources */ = {isa = PBXBuildFile; fileRef = 45CB357F22758862001C5462 /* ViewController.m */; };
		45CB358322758862001C5462 /* Main.storyboard in Resources */ = {isa = PBXBuildFile; fileRef = 45CB358122758862001C5462 /* Main.storyboard */; };
		45CB358522758863001C5462 /* Assets.xcassets in Resources */ = {isa = PBXBuildFile; fileRef = 45CB358422758863001C5462 /* Assets.xcassets */; };
		45CB358822758863001C5462 /* LaunchScreen.storyboard in Resources */ = {isa = PBXBuildFile; fileRef = 45CB358622758863001C5462 /* LaunchScreen.storyboard */; };
		45CB358B22758863001C5462 /* main.m in Sources */ = {isa = PBXBuildFile; fileRef = 45CB358A22758863001C5462 /* main.m */; };
		45CB359422758E41001C5462 /* singleTonA.m in Sources */ = {isa = PBXBuildFile; fileRef = 45CB359322758E41001C5462 /* singleTonA.m */; };
		45CB359722758E53001C5462 /* singleTonB.m in Sources */ = {isa = PBXBuildFile; fileRef = 45CB359622758E53001C5462 /* singleTonB.m */; };
/* End PBXBuildFile section */

/* Begin PBXFileReference section */
		45CB357822758862001C5462 /* 12-singletonDemo.app */ = {isa = PBXFileReference; explicitFileType = wrapper.application; includeInIndex = 0; path = "12-singletonDemo.app"; sourceTree = BUILT_PRODUCTS_DIR; };
		45CB357B22758862001C5462 /* AppDelegate.h */ = {isa = PBXFileReference; lastKnownFileType = sourcecode.c.h; path = AppDelegate.h; sourceTree = "<group>"; };
		45CB357C22758862001C5462 /* AppDelegate.m */ = {isa = PBXFileReference; lastKnownFileType = sourcecode.c.objc; path = AppDelegate.m; sourceTree = "<group>"; };
		45CB357E22758862001C5462 /* ViewController.h */ = {isa = PBXFileReference; lastKnownFileType = sourcecode.c.h; path = ViewController.h; sourceTree = "<group>"; };
		45CB357F22758862001C5462 /* ViewController.m */ = {isa = PBXFileReference; lastKnownFileType = sourcecode.c.objc; path = ViewController.m; sourceTree = "<group>"; };
		45CB358222758862001C5462 /* Base */ = {isa = PBXFileReference; lastKnownFileType = file.storyboard; name = Base; path = Base.lproj/Main.storyboard; sourceTree = "<group>"; };
		45CB358422758863001C5462 /* Assets.xcassets */ = {isa = PBXFileReference; lastKnownFileType = folder.assetcatalog; path = Assets.xcassets; sourceTree = "<group>"; };
		45CB358722758863001C5462 /* Base */ = {isa = PBXFileReference; lastKnownFileType = file.storyboard; name = Base; path = Base.lproj/LaunchScreen.storyboard; sourceTree = "<group>"; };
		45CB358922758863001C5462 /* Info.plist */ = {isa = PBXFileReference; lastKnownFileType = text.plist.xml; path = Info.plist; sourceTree = "<group>"; };
		45CB358A22758863001C5462 /* main.m */ = {isa = PBXFileReference; lastKnownFileType = sourcecode.c.objc; path = main.m; sourceTree = "<group>"; };
		45CB359222758E41001C5462 /* singleTonA.h */ = {isa = PBXFileReference; lastKnownFileType = sourcecode.c.h; path = singleTonA.h; sourceTree = "<group>"; };
		45CB359322758E41001C5462 /* singleTonA.m */ = {isa = PBXFileReference; lastKnownFileType = sourcecode.c.objc; path = singleTonA.m; sourceTree = "<group>"; };
		45CB359522758E53001C5462 /* singleTonB.h */ = {isa = PBXFileReference; lastKnownFileType = sourcecode.c.h; path = singleTonB.h; sourceTree = "<group>"; };
		45CB359622758E53001C5462 /* singleTonB.m */ = {isa = PBXFileReference; lastKnownFileType = sourcecode.c.objc; path = singleTonB.m; sourceTree = "<group>"; };
/* End PBXFileReference section */

/* Begin PBXFrameworksBuildPhase section */
		45CB357522758862001C5462 /* Frameworks */ = {
			isa = PBXFrameworksBuildPhase;
			buildActionMask = 2147483647;
			files = (
			);
			runOnlyForDeploymentPostprocessing = 0;
		};
/* End PBXFrameworksBuildPhase section */

/* Begin PBXGroup section */
		45CB356F22758862001C5462 = {
			isa = PBXGroup;
			children = (
				45CB357A22758862001C5462 /* 12-singletonDemo */,
				45CB357922758862001C5462 /* Products */,
			);
			sourceTree = "<group>";
		};
		45CB357922758862001C5462 /* Products */ = {
			isa = PBXGroup;
			children = (
				45CB357822758862001C5462 /* 12-singletonDemo.app */,
			);
			name = Products;
			sourceTree = "<group>";
		};
		45CB357A22758862001C5462 /* 12-singletonDemo */ = {
			isa = PBXGroup;
			children = (
				45CB359122758E23001C5462 /* singleTon */,
				45CB357B22758862001C5462 /* AppDelegate.h */,
				45CB357C22758862001C5462 /* AppDelegate.m */,
				45CB357E22758862001C5462 /* ViewController.h */,
				45CB357F22758862001C5462 /* ViewController.m */,
				45CB358122758862001C5462 /* Main.storyboard */,
				45CB358422758863001C5462 /* Assets.xcassets */,
				45CB358622758863001C5462 /* LaunchScreen.storyboard */,
				45CB358922758863001C5462 /* Info.plist */,
				45CB358A22758863001C5462 /* main.m */,
			);
			path = "12-singletonDemo";
			sourceTree = "<group>";
		};
		45CB359122758E23001C5462 /* singleTon */ = {
			isa = PBXGroup;
			children = (
				45CB359222758E41001C5462 /* singleTonA.h */,
				45CB359322758E41001C5462 /* singleTonA.m */,
				45CB359522758E53001C5462 /* singleTonB.h */,
				45CB359622758E53001C5462 /* singleTonB.m */,
			);
			path = singleTon;
			sourceTree = "<group>";
		};
/* End PBXGroup section */

/* Begin PBXNativeTarget section */
		45CB357722758862001C5462 /* 12-singletonDemo */ = {
			isa = PBXNativeTarget;
			buildConfigurationList = 45CB358E22758863001C5462 /* Build configuration list for PBXNativeTarget "12-singletonDemo" */;
			buildPhases = (
				45CB357422758862001C5462 /* Sources */,
				45CB357522758862001C5462 /* Frameworks */,
				45CB357622758862001C5462 /* Resources */,
			);
			buildRules = (
			);
			dependencies = (
			);
			name = "12-singletonDemo";
			productName = "12-singletonDemo";
			productReference = 45CB357822758862001C5462 /* 12-singletonDemo.app */;
			productType = "com.apple.product-type.application";
		};
/* End PBXNativeTarget section */

/* Begin PBXProject section */
		45CB357022758862001C5462 /* Project object */ = {
			isa = PBXProject;
			attributes = {
				LastUpgradeCheck = 1020;
				ORGANIZATIONNAME = jackfrow;
				TargetAttributes = {
					45CB357722758862001C5462 = {
						CreatedOnToolsVersion = 10.2.1;
					};
				};
			};
			buildConfigurationList = 45CB357322758862001C5462 /* Build configuration list for PBXProject "12-singletonDemo" */;
			compatibilityVersion = "Xcode 9.3";
			developmentRegion = en;
			hasScannedForEncodings = 0;
			knownRegions = (
				en,
				Base,
			);
			mainGroup = 45CB356F22758862001C5462;
			productRefGroup = 45CB357922758862001C5462 /* Products */;
			projectDirPath = "";
			projectRoot = "";
			targets = (
				45CB357722758862001C5462 /* 12-singletonDemo */,
			);
		};
/* End PBXProject section */

/* Begin PBXResourcesBuildPhase section */
		45CB357622758862001C5462 /* Resources */ = {
			isa = PBXResourcesBuildPhase;
			buildActionMask = 2147483647;
			files = (
				45CB358822758863001C5462 /* LaunchScreen.storyboard in Resources */,
				45CB358522758863001C5462 /* Assets.xcassets in Resources */,
				45CB358322758862001C5462 /* Main.storyboard in Resources */,
			);
			runOnlyForDeploymentPostprocessing = 0;
		};
/* End PBXResourcesBuildPhase section */

/* Begin PBXSourcesBuildPhase section */
		45CB357422758862001C5462 /* Sources */ = {
			isa = PBXSourcesBuildPhase;
			buildActionMask = 2147483647;
			files = (
				45CB358022758862001C5462 /* ViewController.m in Sources */,
				45CB359722758E53001C5462 /* singleTonB.m in Sources */,
				45CB358B22758863001C5462 /* main.m in Sources */,
				45CB357D22758862001C5462 /* AppDelegate.m in Sources */,
				45CB359422758E41001C5462 /* singleTonA.m in Sources */,
			);
			runOnlyForDeploymentPostprocessing = 0;
		};
/* End PBXSourcesBuildPhase section */

/* Begin PBXVariantGroup section */
		45CB358122758862001C5462 /* Main.storyboard */ = {
			isa = PBXVariantGroup;
			children = (
				45CB358222758862001C5462 /* Base */,
			);
			name = Main.storyboard;
			sourceTree = "<group>";
		};
		45CB358622758863001C5462 /* LaunchScreen.storyboard */ = {
			isa = PBXVariantGroup;
			children = (
				45CB358722758863001C5462 /* Base */,
			);
			name = LaunchScreen.storyboard;
			sourceTree = "<group>";
		};
/* End PBXVariantGroup section */

/* Begin XCBuildConfiguration section */
		45CB358C22758863001C5462 /* Debug */ = {
			isa = XCBuildConfiguration;
			buildSettings = {
				ALWAYS_SEARCH_USER_PATHS = NO;
				CLANG_ANALYZER_NONNULL = YES;
				CLANG_ANALYZER_NUMBER_OBJECT_CONVERSION = YES_AGGRESSIVE;
				CLANG_CXX_LANGUAGE_STANDARD = "gnu++14";
				CLANG_CXX_LIBRARY = "libc++";
				CLANG_ENABLE_MODULES = YES;
				CLANG_ENABLE_OBJC_ARC = YES;
				CLANG_ENABLE_OBJC_WEAK = YES;
				CLANG_WARN_BLOCK_CAPTURE_AUTORELEASING = YES;
				CLANG_WARN_BOOL_CONVERSION = YES;
				CLANG_WARN_COMMA = YES;
				CLANG_WARN_CONSTANT_CONVERSION = YES;
				CLANG_WARN_DEPRECATED_OBJC_IMPLEMENTATIONS = YES;
				CLANG_WARN_DIRECT_OBJC_ISA_USAGE = YES_ERROR;
				CLANG_WARN_DOCUMENTATION_COMMENTS = YES;
				CLANG_WARN_EMPTY_BODY = YES;
				CLANG_WARN_ENUM_CONVERSION = YES;
				CLANG_WARN_INFINITE_RECURSION = YES;
				CLANG_WARN_INT_CONVERSION = YES;
				CLANG_WARN_NON_LITERAL_NULL_CONVERSION = YES;
				CLANG_WARN_OBJC_IMPLICIT_RETAIN_SELF = YES;
				CLANG_WARN_OBJC_LITERAL_CONVERSION = YES;
				CLANG_WARN_OBJC_ROOT_CLASS = YES_ERROR;
				CLANG_WARN_RANGE_LOOP_ANALYSIS = YES;
				CLANG_WARN_STRICT_PROTOTYPES = YES;
				CLANG_WARN_SUSPICIOUS_MOVE = YES;
				CLANG_WARN_UNGUARDED_AVAILABILITY = YES_AGGRESSIVE;
				CLANG_WARN_UNREACHABLE_CODE = YES;
				CLANG_WARN__DUPLICATE_METHOD_MATCH = YES;
				CODE_SIGN_IDENTITY = "iPhone Developer";
				COPY_PHASE_STRIP = NO;
				DEBUG_INFORMATION_FORMAT = dwarf;
				ENABLE_STRICT_OBJC_MSGSEND = YES;
				ENABLE_TESTABILITY = YES;
				GCC_C_LANGUAGE_STANDARD = gnu11;
				GCC_DYNAMIC_NO_PIC = NO;
				GCC_NO_COMMON_BLOCKS = YES;
				GCC_OPTIMIZATION_LEVEL = 0;
				GCC_PREPROCESSOR_DEFINITIONS = (
					"DEBUG=1",
					"$(inherited)",
				);
				GCC_WARN_64_TO_32_BIT_CONVERSION = YES;
				GCC_WARN_ABOUT_RETURN_TYPE = YES_ERROR;
				GCC_WARN_UNDECLARED_SELECTOR = YES;
				GCC_WARN_UNINITIALIZED_AUTOS = YES_AGGRESSIVE;
				GCC_WARN_UNUSED_FUNCTION = YES;
				GCC_WARN_UNUSED_VARIABLE = YES;
				IPHONEOS_DEPLOYMENT_TARGET = 12.2;
				MTL_ENABLE_DEBUG_INFO = INCLUDE_SOURCE;
				MTL_FAST_MATH = YES;
				ONLY_ACTIVE_ARCH = YES;
				SDKROOT = iphoneos;
			};
			name = Debug;
		};
		45CB358D22758863001C5462 /* Release */ = {
			isa = XCBuildConfiguration;
			buildSettings = {
				ALWAYS_SEARCH_USER_PATHS = NO;
				CLANG_ANALYZER_NONNULL = YES;
				CLANG_ANALYZER_NUMBER_OBJECT_CONVERSION = YES_AGGRESSIVE;
				CLANG_CXX_LANGUAGE_STANDARD = "gnu++14";
				CLANG_CXX_LIBRARY = "libc++";
				CLANG_ENABLE_MODULES = YES;
				CLANG_ENABLE_OBJC_ARC = YES;
				CLANG_ENABLE_OBJC_WEAK = YES;
				CLANG_WARN_BLOCK_CAPTURE_AUTORELEASING = YES;
				CLANG_WARN_BOOL_CONVERSION = YES;
				CLANG_WARN_COMMA = YES;
				CLANG_WARN_CONSTANT_CONVERSION = YES;
				CLANG_WARN_DEPRECATED_OBJC_IMPLEMENTATIONS = YES;
				CLANG_WARN_DIRECT_OBJC_ISA_USAGE = YES_ERROR;
				CLANG_WARN_DOCUMENTATION_COMMENTS = YES;
				CLANG_WARN_EMPTY_BODY = YES;
				CLANG_WARN_ENUM_CONVERSION = YES;
				CLANG_WARN_INFINITE_RECURSION = YES;
				CLANG_WARN_INT_CONVERSION = YES;
				CLANG_WARN_NON_LITERAL_NULL_CONVERSION = YES;
				CLANG_WARN_OBJC_IMPLICIT_RETAIN_SELF = YES;
				CLANG_WARN_OBJC_LITERAL_CONVERSION = YES;
				CLANG_WARN_OBJC_ROOT_CLASS = YES_ERROR;
				CLANG_WARN_RANGE_LOOP_ANALYSIS = YES;
				CLANG_WARN_STRICT_PROTOTYPES = YES;
				CLANG_WARN_SUSPICIOUS_MOVE = YES;
				CLANG_WARN_UNGUARDED_AVAILABILITY = YES_AGGRESSIVE;
				CLANG_WARN_UNREACHABLE_CODE = YES;
				CLANG_WARN__DUPLICATE_METHOD_MATCH = YES;
				CODE_SIGN_IDENTITY = "iPhone Developer";
				COPY_PHASE_STRIP = NO;
				DEBUG_INFORMATION_FORMAT = "dwarf-with-dsym";
				ENABLE_NS_ASSERTIONS = NO;
				ENABLE_STRICT_OBJC_MSGSEND = YES;
				GCC_C_LANGUAGE_STANDARD = gnu11;
				GCC_NO_COMMON_BLOCKS = YES;
				GCC_WARN_64_TO_32_BIT_CONVERSION = YES;
				GCC_WARN_ABOUT_RETURN_TYPE = YES_ERROR;
				GCC_WARN_UNDECLARED_SELECTOR = YES;
				GCC_WARN_UNINITIALIZED_AUTOS = YES_AGGRESSIVE;
				GCC_WARN_UNUSED_FUNCTION = YES;
				GCC_WARN_UNUSED_VARIABLE = YES;
				IPHONEOS_DEPLOYMENT_TARGET = 12.2;
				MTL_ENABLE_DEBUG_INFO = NO;
				MTL_FAST_MATH = YES;
				SDKROOT = iphoneos;
				VALIDATE_PRODUCT = YES;
			};
			name = Release;
		};
		45CB358F22758863001C5462 /* Debug */ = {
			isa = XCBuildConfiguration;
			buildSettings = {
				ASSETCATALOG_COMPILER_APPICON_NAME = AppIcon;
				CODE_SIGN_STYLE = Automatic;
				DEVELOPMENT_TEAM = L63DQ52CN9;
				INFOPLIST_FILE = "12-singletonDemo/Info.plist";
				LD_RUNPATH_SEARCH_PATHS = (
					"$(inherited)",
					"@executable_path/Frameworks",
				);
				PRODUCT_BUNDLE_IDENTIFIER = "JK.-2-singletonDemo";
				PRODUCT_NAME = "$(TARGET_NAME)";
				TARGETED_DEVICE_FAMILY = "1,2";
			};
			name = Debug;
		};
		45CB359022758863001C5462 /* Release */ = {
			isa = XCBuildConfiguration;
			buildSettings = {
				ASSETCATALOG_COMPILER_APPICON_NAME = AppIcon;
				CODE_SIGN_STYLE = Automatic;
				DEVELOPMENT_TEAM = L63DQ52CN9;
				INFOPLIST_FILE = "12-singletonDemo/Info.plist";
				LD_RUNPATH_SEARCH_PATHS = (
					"$(inherited)",
					"@executable_path/Frameworks",
				);
				PRODUCT_BUNDLE_IDENTIFIER = "JK.-2-singletonDemo";
				PRODUCT_NAME = "$(TARGET_NAME)";
				TARGETED_DEVICE_FAMILY = "1,2";
			};
			name = Release;
		};
/* End XCBuildConfiguration section */

/* Begin XCConfigurationList section */
		45CB357322758862001C5462 /* Build configuration list for PBXProject "12-singletonDemo" */ = {
			isa = XCConfigurationList;
			buildConfigurations = (
				45CB358C22758863001C5462 /* Debug */,
				45CB358D22758863001C5462 /* Release */,
			);
			defaultConfigurationIsVisible = 0;
			defaultConfigurationName = Release;
		};
		45CB358E22758863001C5462 /* Build configuration list for PBXNativeTarget "12-singletonDemo" */ = {
			isa = XCConfigurationList;
			buildConfigurations = (
				45CB358F22758863001C5462 /* Debug */,
				45CB359022758863001C5462 /* Release */,
			);
			defaultConfigurationIsVisible = 0;
			defaultConfigurationName = Release;
		};
/* End XCConfigurationList section */
	};
	rootObject = 45CB357022758862001C5462 /* Project object */;
}
